// !$*UTF8*$!
{
	archiveVersion = 1;
	classes = {
	};
	objectVersion = 56;
	objects = {

/* Begin PBXBuildFile section */
		9C32167E291AFE03002FFB7B /* Launch Screen.storyboard in Resources */ = {isa = PBXBuildFile; fileRef = 9C32167D291AFE03002FFB7B /* Launch Screen.storyboard */; };
		9C53D8232913146F00C16CEC /* DevoteApp.swift in Sources */ = {isa = PBXBuildFile; fileRef = 9C53D8222913146F00C16CEC /* DevoteApp.swift */; };
		9C53D8252913146F00C16CEC /* ContentView.swift in Sources */ = {isa = PBXBuildFile; fileRef = 9C53D8242913146F00C16CEC /* ContentView.swift */; };
		9C53D8272913147000C16CEC /* Assets.xcassets in Resources */ = {isa = PBXBuildFile; fileRef = 9C53D8262913147000C16CEC /* Assets.xcassets */; };
		9C53D82A2913147000C16CEC /* Preview Assets.xcassets in Resources */ = {isa = PBXBuildFile; fileRef = 9C53D8292913147000C16CEC /* Preview Assets.xcassets */; };
		9C53D82C2913147000C16CEC /* Persistence.swift in Sources */ = {isa = PBXBuildFile; fileRef = 9C53D82B2913147000C16CEC /* Persistence.swift */; };
		9C53D82F2913147000C16CEC /* Devote.xcdatamodeld in Sources */ = {isa = PBXBuildFile; fileRef = 9C53D82D2913147000C16CEC /* Devote.xcdatamodeld */; };
		9C53D83A291315B800C16CEC /* sound-ding.mp3 in Resources */ = {isa = PBXBuildFile; fileRef = 9C53D837291315B800C16CEC /* sound-ding.mp3 */; };
		9C53D83B291315B800C16CEC /* sound-rise.mp3 in Resources */ = {isa = PBXBuildFile; fileRef = 9C53D838291315B800C16CEC /* sound-rise.mp3 */; };
		9C53D83C291315B800C16CEC /* sound-tap.mp3 in Resources */ = {isa = PBXBuildFile; fileRef = 9C53D839291315B800C16CEC /* sound-tap.mp3 */; };
		9C53D84A2913216000C16CEC /* Constant.swift in Sources */ = {isa = PBXBuildFile; fileRef = 9C53D8492913216000C16CEC /* Constant.swift */; };
		9C53D84C2914513700C16CEC /* HideKeyboardExtension.swift in Sources */ = {isa = PBXBuildFile; fileRef = 9C53D84B2914513700C16CEC /* HideKeyboardExtension.swift */; };
		9C53D84E291458A200C16CEC /* BackgroundImageView.swift in Sources */ = {isa = PBXBuildFile; fileRef = 9C53D84D291458A200C16CEC /* BackgroundImageView.swift */; };
		9C53D850291459B100C16CEC /* NewTaskItemView.swift in Sources */ = {isa = PBXBuildFile; fileRef = 9C53D84F291459B100C16CEC /* NewTaskItemView.swift */; };
		9C53D85229145DC000C16CEC /* BlankView.swift in Sources */ = {isa = PBXBuildFile; fileRef = 9C53D85129145DC000C16CEC /* BlankView.swift */; };
		9C53D8542914691800C16CEC /* ListRowItemView.swift in Sources */ = {isa = PBXBuildFile; fileRef = 9C53D8532914691800C16CEC /* ListRowItemView.swift */; };
		9C53D85629146AEA00C16CEC /* SwiftUIView.swift in Sources */ = {isa = PBXBuildFile; fileRef = 9C53D85529146AEA00C16CEC /* SwiftUIView.swift */; };
		9C53D85829146AF600C16CEC /* CheckBoxStyle.swift in Sources */ = {isa = PBXBuildFile; fileRef = 9C53D85729146AF600C16CEC /* CheckBoxStyle.swift */; };
		9C53D85A2914745600C16CEC /* SoundPlayer.swift in Sources */ = {isa = PBXBuildFile; fileRef = 9C53D8592914745600C16CEC /* SoundPlayer.swift */; };
		9C53D862291477D500C16CEC /* WidgetKit.framework in Frameworks */ = {isa = PBXBuildFile; fileRef = 9C53D861291477D500C16CEC /* WidgetKit.framework */; };
		9C53D864291477D500C16CEC /* SwiftUI.framework in Frameworks */ = {isa = PBXBuildFile; fileRef = 9C53D863291477D500C16CEC /* SwiftUI.framework */; };
		9C53D867291477D500C16CEC /* DevoteWidgetBundle.swift in Sources */ = {isa = PBXBuildFile; fileRef = 9C53D866291477D500C16CEC /* DevoteWidgetBundle.swift */; };
		9C53D869291477D500C16CEC /* DevoteWidget.swift in Sources */ = {isa = PBXBuildFile; fileRef = 9C53D868291477D500C16CEC /* DevoteWidget.swift */; };
		9C53D86B291477D600C16CEC /* Assets.xcassets in Resources */ = {isa = PBXBuildFile; fileRef = 9C53D86A291477D600C16CEC /* Assets.xcassets */; };
		9C53D86F291477D600C16CEC /* DevoteWidgetExtension.appex in Embed Foundation Extensions */ = {isa = PBXBuildFile; fileRef = 9C53D85F291477D500C16CEC /* DevoteWidgetExtension.appex */; settings = {ATTRIBUTES = (RemoveHeadersOnCopy, ); }; };
		9C53D87429147B4400C16CEC /* Assets.xcassets in Resources */ = {isa = PBXBuildFile; fileRef = 9C53D8262913147000C16CEC /* Assets.xcassets */; };
		9C53D87529147BCC00C16CEC /* Constant.swift in Sources */ = {isa = PBXBuildFile; fileRef = 9C53D8492913216000C16CEC /* Constant.swift */; };
/* End PBXBuildFile section */

/* Begin PBXContainerItemProxy section */
		9C53D86D291477D600C16CEC /* PBXContainerItemProxy */ = {
			isa = PBXContainerItemProxy;
			containerPortal = 9C53D8172913146F00C16CEC /* Project object */;
			proxyType = 1;
			remoteGlobalIDString = 9C53D85E291477D500C16CEC;
			remoteInfo = DevoteWidgetExtension;
		};
/* End PBXContainerItemProxy section */

/* Begin PBXCopyFilesBuildPhase section */
		9C53D873291477D600C16CEC /* Embed Foundation Extensions */ = {
			isa = PBXCopyFilesBuildPhase;
			buildActionMask = 2147483647;
			dstPath = "";
			dstSubfolderSpec = 13;
			files = (
				9C53D86F291477D600C16CEC /* DevoteWidgetExtension.appex in Embed Foundation Extensions */,
			);
			name = "Embed Foundation Extensions";
			runOnlyForDeploymentPostprocessing = 0;
		};
/* End PBXCopyFilesBuildPhase section */

/* Begin PBXFileReference section */
		9C32167D291AFE03002FFB7B /* Launch Screen.storyboard */ = {isa = PBXFileReference; lastKnownFileType = file.storyboard; path = "Launch Screen.storyboard"; sourceTree = "<group>"; };
		9C53D81F2913146F00C16CEC /* Devote.app */ = {isa = PBXFileReference; explicitFileType = wrapper.application; includeInIndex = 0; path = Devote.app; sourceTree = BUILT_PRODUCTS_DIR; };
		9C53D8222913146F00C16CEC /* DevoteApp.swift */ = {isa = PBXFileReference; lastKnownFileType = sourcecode.swift; path = DevoteApp.swift; sourceTree = "<group>"; };
		9C53D8242913146F00C16CEC /* ContentView.swift */ = {isa = PBXFileReference; lastKnownFileType = sourcecode.swift; path = ContentView.swift; sourceTree = "<group>"; };
		9C53D8262913147000C16CEC /* Assets.xcassets */ = {isa = PBXFileReference; lastKnownFileType = folder.assetcatalog; path = Assets.xcassets; sourceTree = "<group>"; };
		9C53D8292913147000C16CEC /* Preview Assets.xcassets */ = {isa = PBXFileReference; lastKnownFileType = folder.assetcatalog; path = "Preview Assets.xcassets"; sourceTree = "<group>"; };
		9C53D82B2913147000C16CEC /* Persistence.swift */ = {isa = PBXFileReference; lastKnownFileType = sourcecode.swift; path = Persistence.swift; sourceTree = "<group>"; };
		9C53D82E2913147000C16CEC /* Devote.xcdatamodel */ = {isa = PBXFileReference; lastKnownFileType = wrapper.xcdatamodel; path = Devote.xcdatamodel; sourceTree = "<group>"; };
		9C53D837291315B800C16CEC /* sound-ding.mp3 */ = {isa = PBXFileReference; lastKnownFileType = audio.mp3; path = "sound-ding.mp3"; sourceTree = "<group>"; };
		9C53D838291315B800C16CEC /* sound-rise.mp3 */ = {isa = PBXFileReference; lastKnownFileType = audio.mp3; path = "sound-rise.mp3"; sourceTree = "<group>"; };
		9C53D839291315B800C16CEC /* sound-tap.mp3 */ = {isa = PBXFileReference; lastKnownFileType = audio.mp3; path = "sound-tap.mp3"; sourceTree = "<group>"; };
		9C53D844291316CC00C16CEC /* Info.plist */ = {isa = PBXFileReference; lastKnownFileType = text.plist.xml; path = Info.plist; sourceTree = "<group>"; };
		9C53D8492913216000C16CEC /* Constant.swift */ = {isa = PBXFileReference; lastKnownFileType = sourcecode.swift; path = Constant.swift; sourceTree = "<group>"; };
		9C53D84B2914513700C16CEC /* HideKeyboardExtension.swift */ = {isa = PBXFileReference; lastKnownFileType = sourcecode.swift; path = HideKeyboardExtension.swift; sourceTree = "<group>"; };
		9C53D84D291458A200C16CEC /* BackgroundImageView.swift */ = {isa = PBXFileReference; lastKnownFileType = sourcecode.swift; path = BackgroundImageView.swift; sourceTree = "<group>"; };
		9C53D84F291459B100C16CEC /* NewTaskItemView.swift */ = {isa = PBXFileReference; lastKnownFileType = sourcecode.swift; path = NewTaskItemView.swift; sourceTree = "<group>"; };
		9C53D85129145DC000C16CEC /* BlankView.swift */ = {isa = PBXFileReference; lastKnownFileType = sourcecode.swift; path = BlankView.swift; sourceTree = "<group>"; };
		9C53D8532914691800C16CEC /* ListRowItemView.swift */ = {isa = PBXFileReference; lastKnownFileType = sourcecode.swift; path = ListRowItemView.swift; sourceTree = "<group>"; };
		9C53D85529146AEA00C16CEC /* SwiftUIView.swift */ = {isa = PBXFileReference; lastKnownFileType = sourcecode.swift; path = SwiftUIView.swift; sourceTree = "<group>"; };
		9C53D85729146AF600C16CEC /* CheckBoxStyle.swift */ = {isa = PBXFileReference; lastKnownFileType = sourcecode.swift; path = CheckBoxStyle.swift; sourceTree = "<group>"; };
		9C53D8592914745600C16CEC /* SoundPlayer.swift */ = {isa = PBXFileReference; lastKnownFileType = sourcecode.swift; path = SoundPlayer.swift; sourceTree = "<group>"; };
		9C53D85F291477D500C16CEC /* DevoteWidgetExtension.appex */ = {isa = PBXFileReference; explicitFileType = "wrapper.app-extension"; includeInIndex = 0; path = DevoteWidgetExtension.appex; sourceTree = BUILT_PRODUCTS_DIR; };
		9C53D861291477D500C16CEC /* WidgetKit.framework */ = {isa = PBXFileReference; lastKnownFileType = wrapper.framework; name = WidgetKit.framework; path = System/Library/Frameworks/WidgetKit.framework; sourceTree = SDKROOT; };
		9C53D863291477D500C16CEC /* SwiftUI.framework */ = {isa = PBXFileReference; lastKnownFileType = wrapper.framework; name = SwiftUI.framework; path = System/Library/Frameworks/SwiftUI.framework; sourceTree = SDKROOT; };
		9C53D866291477D500C16CEC /* DevoteWidgetBundle.swift */ = {isa = PBXFileReference; lastKnownFileType = sourcecode.swift; path = DevoteWidgetBundle.swift; sourceTree = "<group>"; };
		9C53D868291477D500C16CEC /* DevoteWidget.swift */ = {isa = PBXFileReference; lastKnownFileType = sourcecode.swift; path = DevoteWidget.swift; sourceTree = "<group>"; };
		9C53D86A291477D600C16CEC /* Assets.xcassets */ = {isa = PBXFileReference; lastKnownFileType = folder.assetcatalog; path = Assets.xcassets; sourceTree = "<group>"; };
		9C53D86C291477D600C16CEC /* Info.plist */ = {isa = PBXFileReference; lastKnownFileType = text.plist.xml; path = Info.plist; sourceTree = "<group>"; };
/* End PBXFileReference section */

/* Begin PBXFrameworksBuildPhase section */
		9C53D81C2913146F00C16CEC /* Frameworks */ = {
			isa = PBXFrameworksBuildPhase;
			buildActionMask = 2147483647;
			files = (
			);
			runOnlyForDeploymentPostprocessing = 0;
		};
		9C53D85C291477D500C16CEC /* Frameworks */ = {
			isa = PBXFrameworksBuildPhase;
			buildActionMask = 2147483647;
			files = (
				9C53D864291477D500C16CEC /* SwiftUI.framework in Frameworks */,
				9C53D862291477D500C16CEC /* WidgetKit.framework in Frameworks */,
			);
			runOnlyForDeploymentPostprocessing = 0;
		};
/* End PBXFrameworksBuildPhase section */

/* Begin PBXGroup section */
		9C53D8162913146F00C16CEC = {
			isa = PBXGroup;
			children = (
				9C53D8212913146F00C16CEC /* Devote */,
				9C53D865291477D500C16CEC /* DevoteWidget */,
				9C53D860291477D500C16CEC /* Frameworks */,
				9C53D8202913146F00C16CEC /* Products */,
			);
			sourceTree = "<group>";
		};
		9C53D8202913146F00C16CEC /* Products */ = {
			isa = PBXGroup;
			children = (
				9C53D81F2913146F00C16CEC /* Devote.app */,
				9C53D85F291477D500C16CEC /* DevoteWidgetExtension.appex */,
			);
			name = Products;
			sourceTree = "<group>";
		};
		9C53D8212913146F00C16CEC /* Devote */ = {
			isa = PBXGroup;
			children = (
				9C53D8222913146F00C16CEC /* DevoteApp.swift */,
				9C53D83F291315E200C16CEC /* View */,
				9C53D8422913160500C16CEC /* Model */,
				9C53D8432913168B00C16CEC /* Style */,
				9C53D841291315EF00C16CEC /* Utility */,
				9C53D840291315E800C16CEC /* Extension */,
				9C53D83D291315C100C16CEC /* Sound */,
				9C53D8262913147000C16CEC /* Assets.xcassets */,
				9C53D8282913147000C16CEC /* Preview Content */,
				9C32167D291AFE03002FFB7B /* Launch Screen.storyboard */,
				9C53D844291316CC00C16CEC /* Info.plist */,
			);
			path = Devote;
			sourceTree = "<group>";
		};
		9C53D8282913147000C16CEC /* Preview Content */ = {
			isa = PBXGroup;
			children = (
				9C53D8292913147000C16CEC /* Preview Assets.xcassets */,
			);
			path = "Preview Content";
			sourceTree = "<group>";
		};
		9C53D83D291315C100C16CEC /* Sound */ = {
			isa = PBXGroup;
			children = (
				9C53D837291315B800C16CEC /* sound-ding.mp3 */,
				9C53D838291315B800C16CEC /* sound-rise.mp3 */,
				9C53D839291315B800C16CEC /* sound-tap.mp3 */,
			);
			path = Sound;
			sourceTree = "<group>";
		};
		9C53D83F291315E200C16CEC /* View */ = {
			isa = PBXGroup;
			children = (
				9C53D8242913146F00C16CEC /* ContentView.swift */,
				9C53D84D291458A200C16CEC /* BackgroundImageView.swift */,
				9C53D84F291459B100C16CEC /* NewTaskItemView.swift */,
				9C53D85129145DC000C16CEC /* BlankView.swift */,
				9C53D8532914691800C16CEC /* ListRowItemView.swift */,
			);
			path = View;
			sourceTree = "<group>";
		};
		9C53D840291315E800C16CEC /* Extension */ = {
			isa = PBXGroup;
			children = (
				9C53D84B2914513700C16CEC /* HideKeyboardExtension.swift */,
			);
			path = Extension;
			sourceTree = "<group>";
		};
		9C53D841291315EF00C16CEC /* Utility */ = {
			isa = PBXGroup;
			children = (
				9C53D8492913216000C16CEC /* Constant.swift */,
				9C53D8592914745600C16CEC /* SoundPlayer.swift */,
			);
			path = Utility;
			sourceTree = "<group>";
		};
		9C53D8422913160500C16CEC /* Model */ = {
			isa = PBXGroup;
			children = (
				9C53D82B2913147000C16CEC /* Persistence.swift */,
				9C53D82D2913147000C16CEC /* Devote.xcdatamodeld */,
			);
			path = Model;
			sourceTree = "<group>";
		};
		9C53D8432913168B00C16CEC /* Style */ = {
			isa = PBXGroup;
			children = (
				9C53D85529146AEA00C16CEC /* SwiftUIView.swift */,
				9C53D85729146AF600C16CEC /* CheckBoxStyle.swift */,
			);
			path = Style;
			sourceTree = "<group>";
		};
		9C53D860291477D500C16CEC /* Frameworks */ = {
			isa = PBXGroup;
			children = (
				9C53D861291477D500C16CEC /* WidgetKit.framework */,
				9C53D863291477D500C16CEC /* SwiftUI.framework */,
			);
			name = Frameworks;
			sourceTree = "<group>";
		};
		9C53D865291477D500C16CEC /* DevoteWidget */ = {
			isa = PBXGroup;
			children = (
				9C53D866291477D500C16CEC /* DevoteWidgetBundle.swift */,
				9C53D868291477D500C16CEC /* DevoteWidget.swift */,
				9C53D86A291477D600C16CEC /* Assets.xcassets */,
				9C53D86C291477D600C16CEC /* Info.plist */,
			);
			path = DevoteWidget;
			sourceTree = "<group>";
		};
/* End PBXGroup section */

/* Begin PBXNativeTarget section */
		9C53D81E2913146F00C16CEC /* Devote */ = {
			isa = PBXNativeTarget;
			buildConfigurationList = 9C53D8322913147000C16CEC /* Build configuration list for PBXNativeTarget "Devote" */;
			buildPhases = (
				9C53D81B2913146F00C16CEC /* Sources */,
				9C53D81C2913146F00C16CEC /* Frameworks */,
				9C53D81D2913146F00C16CEC /* Resources */,
				9C53D873291477D600C16CEC /* Embed Foundation Extensions */,
			);
			buildRules = (
			);
			dependencies = (
				9C53D86E291477D600C16CEC /* PBXTargetDependency */,
			);
			name = Devote;
			productName = Devote;
			productReference = 9C53D81F2913146F00C16CEC /* Devote.app */;
			productType = "com.apple.product-type.application";
		};
		9C53D85E291477D500C16CEC /* DevoteWidgetExtension */ = {
			isa = PBXNativeTarget;
			buildConfigurationList = 9C53D870291477D600C16CEC /* Build configuration list for PBXNativeTarget "DevoteWidgetExtension" */;
			buildPhases = (
				9C53D85B291477D500C16CEC /* Sources */,
				9C53D85C291477D500C16CEC /* Frameworks */,
				9C53D85D291477D500C16CEC /* Resources */,
			);
			buildRules = (
			);
			dependencies = (
			);
			name = DevoteWidgetExtension;
			productName = DevoteWidgetExtension;
			productReference = 9C53D85F291477D500C16CEC /* DevoteWidgetExtension.appex */;
			productType = "com.apple.product-type.app-extension";
		};
/* End PBXNativeTarget section */

/* Begin PBXProject section */
		9C53D8172913146F00C16CEC /* Project object */ = {
			isa = PBXProject;
			attributes = {
				BuildIndependentTargetsInParallel = 1;
				LastSwiftUpdateCheck = 1410;
				LastUpgradeCheck = 1410;
				TargetAttributes = {
					9C53D81E2913146F00C16CEC = {
						CreatedOnToolsVersion = 14.1;
					};
					9C53D85E291477D500C16CEC = {
						CreatedOnToolsVersion = 14.1;
					};
				};
			};
			buildConfigurationList = 9C53D81A2913146F00C16CEC /* Build configuration list for PBXProject "Devote" */;
			compatibilityVersion = "Xcode 14.0";
			developmentRegion = en;
			hasScannedForEncodings = 0;
			knownRegions = (
				en,
				Base,
			);
			mainGroup = 9C53D8162913146F00C16CEC;
			productRefGroup = 9C53D8202913146F00C16CEC /* Products */;
			projectDirPath = "";
			projectRoot = "";
			targets = (
				9C53D81E2913146F00C16CEC /* Devote */,
				9C53D85E291477D500C16CEC /* DevoteWidgetExtension */,
			);
		};
/* End PBXProject section */

/* Begin PBXResourcesBuildPhase section */
		9C53D81D2913146F00C16CEC /* Resources */ = {
			isa = PBXResourcesBuildPhase;
			buildActionMask = 2147483647;
			files = (
				9C32167E291AFE03002FFB7B /* Launch Screen.storyboard in Resources */,
				9C53D82A2913147000C16CEC /* Preview Assets.xcassets in Resources */,
				9C53D83B291315B800C16CEC /* sound-rise.mp3 in Resources */,
				9C53D8272913147000C16CEC /* Assets.xcassets in Resources */,
				9C53D83C291315B800C16CEC /* sound-tap.mp3 in Resources */,
				9C53D83A291315B800C16CEC /* sound-ding.mp3 in Resources */,
			);
			runOnlyForDeploymentPostprocessing = 0;
		};
		9C53D85D291477D500C16CEC /* Resources */ = {
			isa = PBXResourcesBuildPhase;
			buildActionMask = 2147483647;
			files = (
				9C53D87429147B4400C16CEC /* Assets.xcassets in Resources */,
				9C53D86B291477D600C16CEC /* Assets.xcassets in Resources */,
			);
			runOnlyForDeploymentPostprocessing = 0;
		};
/* End PBXResourcesBuildPhase section */

/* Begin PBXSourcesBuildPhase section */
		9C53D81B2913146F00C16CEC /* Sources */ = {
			isa = PBXSourcesBuildPhase;
			buildActionMask = 2147483647;
			files = (
				9C53D85A2914745600C16CEC /* SoundPlayer.swift in Sources */,
				9C53D82C2913147000C16CEC /* Persistence.swift in Sources */,
				9C53D84E291458A200C16CEC /* BackgroundImageView.swift in Sources */,
				9C53D85629146AEA00C16CEC /* SwiftUIView.swift in Sources */,
				9C53D8252913146F00C16CEC /* ContentView.swift in Sources */,
				9C53D84C2914513700C16CEC /* HideKeyboardExtension.swift in Sources */,
				9C53D85229145DC000C16CEC /* BlankView.swift in Sources */,
				9C53D85829146AF600C16CEC /* CheckBoxStyle.swift in Sources */,
				9C53D84A2913216000C16CEC /* Constant.swift in Sources */,
				9C53D8542914691800C16CEC /* ListRowItemView.swift in Sources */,
				9C53D82F2913147000C16CEC /* Devote.xcdatamodeld in Sources */,
				9C53D8232913146F00C16CEC /* DevoteApp.swift in Sources */,
				9C53D850291459B100C16CEC /* NewTaskItemView.swift in Sources */,
			);
			runOnlyForDeploymentPostprocessing = 0;
		};
		9C53D85B291477D500C16CEC /* Sources */ = {
			isa = PBXSourcesBuildPhase;
			buildActionMask = 2147483647;
			files = (
				9C53D869291477D500C16CEC /* DevoteWidget.swift in Sources */,
				9C53D867291477D500C16CEC /* DevoteWidgetBundle.swift in Sources */,
				9C53D87529147BCC00C16CEC /* Constant.swift in Sources */,
			);
			runOnlyForDeploymentPostprocessing = 0;
		};
/* End PBXSourcesBuildPhase section */

/* Begin PBXTargetDependency section */
		9C53D86E291477D600C16CEC /* PBXTargetDependency */ = {
			isa = PBXTargetDependency;
			target = 9C53D85E291477D500C16CEC /* DevoteWidgetExtension */;
			targetProxy = 9C53D86D291477D600C16CEC /* PBXContainerItemProxy */;
		};
/* End PBXTargetDependency section */

/* Begin XCBuildConfiguration section */
		9C53D8302913147000C16CEC /* Debug */ = {
			isa = XCBuildConfiguration;
			buildSettings = {
				ALWAYS_SEARCH_USER_PATHS = NO;
				CLANG_ANALYZER_NONNULL = YES;
				CLANG_ANALYZER_NUMBER_OBJECT_CONVERSION = YES_AGGRESSIVE;
				CLANG_CXX_LANGUAGE_STANDARD = "gnu++20";
				CLANG_ENABLE_MODULES = YES;
				CLANG_ENABLE_OBJC_ARC = YES;
				CLANG_ENABLE_OBJC_WEAK = YES;
				CLANG_WARN_BLOCK_CAPTURE_AUTORELEASING = YES;
				CLANG_WARN_BOOL_CONVERSION = YES;
				CLANG_WARN_COMMA = YES;
				CLANG_WARN_CONSTANT_CONVERSION = YES;
				CLANG_WARN_DEPRECATED_OBJC_IMPLEMENTATIONS = YES;
				CLANG_WARN_DIRECT_OBJC_ISA_USAGE = YES_ERROR;
				CLANG_WARN_DOCUMENTATION_COMMENTS = YES;
				CLANG_WARN_EMPTY_BODY = YES;
				CLANG_WARN_ENUM_CONVERSION = YES;
				CLANG_WARN_INFINITE_RECURSION = YES;
				CLANG_WARN_INT_CONVERSION = YES;
				CLANG_WARN_NON_LITERAL_NULL_CONVERSION = YES;
				CLANG_WARN_OBJC_IMPLICIT_RETAIN_SELF = YES;
				CLANG_WARN_OBJC_LITERAL_CONVERSION = YES;
				CLANG_WARN_OBJC_ROOT_CLASS = YES_ERROR;
				CLANG_WARN_QUOTED_INCLUDE_IN_FRAMEWORK_HEADER = YES;
				CLANG_WARN_RANGE_LOOP_ANALYSIS = YES;
				CLANG_WARN_STRICT_PROTOTYPES = YES;
				CLANG_WARN_SUSPICIOUS_MOVE = YES;
				CLANG_WARN_UNGUARDED_AVAILABILITY = YES_AGGRESSIVE;
				CLANG_WARN_UNREACHABLE_CODE = YES;
				CLANG_WARN__DUPLICATE_METHOD_MATCH = YES;
				COPY_PHASE_STRIP = NO;
				DEBUG_INFORMATION_FORMAT = dwarf;
				ENABLE_STRICT_OBJC_MSGSEND = YES;
				ENABLE_TESTABILITY = YES;
				GCC_C_LANGUAGE_STANDARD = gnu11;
				GCC_DYNAMIC_NO_PIC = NO;
				GCC_NO_COMMON_BLOCKS = YES;
				GCC_OPTIMIZATION_LEVEL = 0;
				GCC_PREPROCESSOR_DEFINITIONS = (
					"DEBUG=1",
					"$(inherited)",
				);
				GCC_WARN_64_TO_32_BIT_CONVERSION = YES;
				GCC_WARN_ABOUT_RETURN_TYPE = YES_ERROR;
				GCC_WARN_UNDECLARED_SELECTOR = YES;
				GCC_WARN_UNINITIALIZED_AUTOS = YES_AGGRESSIVE;
				GCC_WARN_UNUSED_FUNCTION = YES;
				GCC_WARN_UNUSED_VARIABLE = YES;
				IPHONEOS_DEPLOYMENT_TARGET = 16.0;
				MTL_ENABLE_DEBUG_INFO = INCLUDE_SOURCE;
				MTL_FAST_MATH = YES;
				ONLY_ACTIVE_ARCH = YES;
				SDKROOT = iphoneos;
				SWIFT_ACTIVE_COMPILATION_CONDITIONS = DEBUG;
				SWIFT_OPTIMIZATION_LEVEL = "-Onone";
			};
			name = Debug;
		};
		9C53D8312913147000C16CEC /* Release */ = {
			isa = XCBuildConfiguration;
			buildSettings = {
				ALWAYS_SEARCH_USER_PATHS = NO;
				CLANG_ANALYZER_NONNULL = YES;
				CLANG_ANALYZER_NUMBER_OBJECT_CONVERSION = YES_AGGRESSIVE;
				CLANG_CXX_LANGUAGE_STANDARD = "gnu++20";
				CLANG_ENABLE_MODULES = YES;
				CLANG_ENABLE_OBJC_ARC = YES;
				CLANG_ENABLE_OBJC_WEAK = YES;
				CLANG_WARN_BLOCK_CAPTURE_AUTORELEASING = YES;
				CLANG_WARN_BOOL_CONVERSION = YES;
				CLANG_WARN_COMMA = YES;
				CLANG_WARN_CONSTANT_CONVERSION = YES;
				CLANG_WARN_DEPRECATED_OBJC_IMPLEMENTATIONS = YES;
				CLANG_WARN_DIRECT_OBJC_ISA_USAGE = YES_ERROR;
				CLANG_WARN_DOCUMENTATION_COMMENTS = YES;
				CLANG_WARN_EMPTY_BODY = YES;
				CLANG_WARN_ENUM_CONVERSION = YES;
				CLANG_WARN_INFINITE_RECURSION = YES;
				CLANG_WARN_INT_CONVERSION = YES;
				CLANG_WARN_NON_LITERAL_NULL_CONVERSION = YES;
				CLANG_WARN_OBJC_IMPLICIT_RETAIN_SELF = YES;
				CLANG_WARN_OBJC_LITERAL_CONVERSION = YES;
				CLANG_WARN_OBJC_ROOT_CLASS = YES_ERROR;
				CLANG_WARN_QUOTED_INCLUDE_IN_FRAMEWORK_HEADER = YES;
				CLANG_WARN_RANGE_LOOP_ANALYSIS = YES;
				CLANG_WARN_STRICT_PROTOTYPES = YES;
				CLANG_WARN_SUSPICIOUS_MOVE = YES;
				CLANG_WARN_UNGUARDED_AVAILABILITY = YES_AGGRESSIVE;
				CLANG_WARN_UNREACHABLE_CODE = YES;
				CLANG_WARN__DUPLICATE_METHOD_MATCH = YES;
				COPY_PHASE_STRIP = NO;
				DEBUG_INFORMATION_FORMAT = "dwarf-with-dsym";
				ENABLE_NS_ASSERTIONS = NO;
				ENABLE_STRICT_OBJC_MSGSEND = YES;
				GCC_C_LANGUAGE_STANDARD = gnu11;
				GCC_NO_COMMON_BLOCKS = YES;
				GCC_WARN_64_TO_32_BIT_CONVERSION = YES;
				GCC_WARN_ABOUT_RETURN_TYPE = YES_ERROR;
				GCC_WARN_UNDECLARED_SELECTOR = YES;
				GCC_WARN_UNINITIALIZED_AUTOS = YES_AGGRESSIVE;
				GCC_WARN_UNUSED_FUNCTION = YES;
				GCC_WARN_UNUSED_VARIABLE = YES;
				IPHONEOS_DEPLOYMENT_TARGET = 16.0;
				MTL_ENABLE_DEBUG_INFO = NO;
				MTL_FAST_MATH = YES;
				SDKROOT = iphoneos;
				SWIFT_COMPILATION_MODE = wholemodule;
				SWIFT_OPTIMIZATION_LEVEL = "-O";
				VALIDATE_PRODUCT = YES;
			};
			name = Release;
		};
		9C53D8332913147000C16CEC /* Debug */ = {
			isa = XCBuildConfiguration;
			buildSettings = {
				ALWAYS_EMBED_SWIFT_STANDARD_LIBRARIES = YES;
				ASSETCATALOG_COMPILER_APPICON_NAME = AppIcon;
				ASSETCATALOG_COMPILER_GLOBAL_ACCENT_COLOR_NAME = AccentColor;
				CODE_SIGN_STYLE = Automatic;
				CURRENT_PROJECT_VERSION = 1;
				DEVELOPMENT_ASSET_PATHS = "\"Devote/Preview Content\"";
				DEVELOPMENT_TEAM = TJ8R5XP7FZ;
				ENABLE_PREVIEWS = YES;
				GENERATE_INFOPLIST_FILE = YES;
				INFOPLIST_FILE = Devote/Info.plist;
				INFOPLIST_KEY_CFBundleDisplayName = Devote;
				INFOPLIST_KEY_LSApplicationCategoryType = "public.app-category.social-networking";
				INFOPLIST_KEY_UIApplicationSceneManifest_Generation = YES;
				INFOPLIST_KEY_UIApplicationSupportsIndirectInputEvents = YES;
				INFOPLIST_KEY_UILaunchStoryboardName = "Launch Screen.storyboard";
				INFOPLIST_KEY_UISupportedInterfaceOrientations = UIInterfaceOrientationPortrait;
				IPHONEOS_DEPLOYMENT_TARGET = 16.0;
				LD_RUNPATH_SEARCH_PATHS = (
					"$(inherited)",
					"@executable_path/Frameworks",
				);
				MARKETING_VERSION = 1.0;
				PRODUCT_BUNDLE_IDENTIFIER = dev.ferrigan.Devote;
				PRODUCT_NAME = "$(TARGET_NAME)";
				SWIFT_EMIT_LOC_STRINGS = YES;
				SWIFT_VERSION = 5.0;
				TARGETED_DEVICE_FAMILY = "1,2";
			};
			name = Debug;
		};
		9C53D8342913147000C16CEC /* Release */ = {
			isa = XCBuildConfiguration;
			buildSettings = {
				ALWAYS_EMBED_SWIFT_STANDARD_LIBRARIES = YES;
				ASSETCATALOG_COMPILER_APPICON_NAME = AppIcon;
				ASSETCATALOG_COMPILER_GLOBAL_ACCENT_COLOR_NAME = AccentColor;
				CODE_SIGN_STYLE = Automatic;
				CURRENT_PROJECT_VERSION = 1;
				DEVELOPMENT_ASSET_PATHS = "\"Devote/Preview Content\"";
				DEVELOPMENT_TEAM = TJ8R5XP7FZ;
				ENABLE_PREVIEWS = YES;
				GENERATE_INFOPLIST_FILE = YES;
				INFOPLIST_FILE = Devote/Info.plist;
				INFOPLIST_KEY_CFBundleDisplayName = Devote;
				INFOPLIST_KEY_LSApplicationCategoryType = "public.app-category.social-networking";
				INFOPLIST_KEY_UIApplicationSceneManifest_Generation = YES;
				INFOPLIST_KEY_UIApplicationSupportsIndirectInputEvents = YES;
				INFOPLIST_KEY_UILaunchStoryboardName = "Launch Screen.storyboard";
				INFOPLIST_KEY_UISupportedInterfaceOrientations = UIInterfaceOrientationPortrait;
				IPHONEOS_DEPLOYMENT_TARGET = 16.0;
				LD_RUNPATH_SEARCH_PATHS = (
					"$(inherited)",
					"@executable_path/Frameworks",
				);
				MARKETING_VERSION = 1.0;
				PRODUCT_BUNDLE_IDENTIFIER = dev.ferrigan.Devote;
				PRODUCT_NAME = "$(TARGET_NAME)";
				SWIFT_EMIT_LOC_STRINGS = YES;
				SWIFT_VERSION = 5.0;
				TARGETED_DEVICE_FAMILY = "1,2";
			};
			name = Release;
		};
		9C53D871291477D600C16CEC /* Debug */ = {
			isa = XCBuildConfiguration;
			buildSettings = {
				ASSETCATALOG_COMPILER_GLOBAL_ACCENT_COLOR_NAME = AccentColor;
				ASSETCATALOG_COMPILER_WIDGET_BACKGROUND_COLOR_NAME = WidgetBackground;
				CODE_SIGN_STYLE = Automatic;
				CURRENT_PROJECT_VERSION = 1;
				DEVELOPMENT_TEAM = TJ8R5XP7FZ;
				GENERATE_INFOPLIST_FILE = YES;
				INFOPLIST_FILE = DevoteWidget/Info.plist;
				INFOPLIST_KEY_CFBundleDisplayName = DevoteWidget;
				INFOPLIST_KEY_NSHumanReadableCopyright = "";
				IPHONEOS_DEPLOYMENT_TARGET = 16.0;
				LD_RUNPATH_SEARCH_PATHS = (
					"$(inherited)",
					"@executable_path/Frameworks",
					"@executable_path/../../Frameworks",
				);
				MARKETING_VERSION = 1.0;
				PRODUCT_BUNDLE_IDENTIFIER = dev.ferrigan.Devote.DevoteWidget;
				PRODUCT_NAME = "$(TARGET_NAME)";
				SKIP_INSTALL = YES;
				SWIFT_EMIT_LOC_STRINGS = YES;
				SWIFT_VERSION = 5.0;
				TARGETED_DEVICE_FAMILY = "1,2";
			};
			name = Debug;
		};
		9C53D872291477D600C16CEC /* Release */ = {
			isa = XCBuildConfiguration;
			buildSettings = {
				ASSETCATALOG_COMPILER_GLOBAL_ACCENT_COLOR_NAME = AccentColor;
				ASSETCATALOG_COMPILER_WIDGET_BACKGROUND_COLOR_NAME = WidgetBackground;
				CODE_SIGN_STYLE = Automatic;
				CURRENT_PROJECT_VERSION = 1;
				DEVELOPMENT_TEAM = TJ8R5XP7FZ;
				GENERATE_INFOPLIST_FILE = YES;
				INFOPLIST_FILE = DevoteWidget/Info.plist;
				INFOPLIST_KEY_CFBundleDisplayName = DevoteWidget;
				INFOPLIST_KEY_NSHumanReadableCopyright = "";
				IPHONEOS_DEPLOYMENT_TARGET = 16.0;
				LD_RUNPATH_SEARCH_PATHS = (
					"$(inherited)",
					"@executable_path/Frameworks",
					"@executable_path/../../Frameworks",
				);
				MARKETING_VERSION = 1.0;
				PRODUCT_BUNDLE_IDENTIFIER = dev.ferrigan.Devote.DevoteWidget;
				PRODUCT_NAME = "$(TARGET_NAME)";
				SKIP_INSTALL = YES;
				SWIFT_EMIT_LOC_STRINGS = YES;
				SWIFT_VERSION = 5.0;
				TARGETED_DEVICE_FAMILY = "1,2";
			};
			name = Release;
		};
/* End XCBuildConfiguration section */

/* Begin XCConfigurationList section */
		9C53D81A2913146F00C16CEC /* Build configuration list for PBXProject "Devote" */ = {
			isa = XCConfigurationList;
			buildConfigurations = (
				9C53D8302913147000C16CEC /* Debug */,
				9C53D8312913147000C16CEC /* Release */,
			);
			defaultConfigurationIsVisible = 0;
			defaultConfigurationName = Release;
		};
		9C53D8322913147000C16CEC /* Build configuration list for PBXNativeTarget "Devote" */ = {
			isa = XCConfigurationList;
			buildConfigurations = (
				9C53D8332913147000C16CEC /* Debug */,
				9C53D8342913147000C16CEC /* Release */,
			);
			defaultConfigurationIsVisible = 0;
			defaultConfigurationName = Release;
		};
		9C53D870291477D600C16CEC /* Build configuration list for PBXNativeTarget "DevoteWidgetExtension" */ = {
			isa = XCConfigurationList;
			buildConfigurations = (
				9C53D871291477D600C16CEC /* Debug */,
				9C53D872291477D600C16CEC /* Release */,
			);
			defaultConfigurationIsVisible = 0;
			defaultConfigurationName = Release;
		};
/* End XCConfigurationList section */

/* Begin XCVersionGroup section */
		9C53D82D2913147000C16CEC /* Devote.xcdatamodeld */ = {
			isa = XCVersionGroup;
			children = (
				9C53D82E2913147000C16CEC /* Devote.xcdatamodel */,
			);
			currentVersion = 9C53D82E2913147000C16CEC /* Devote.xcdatamodel */;
			path = Devote.xcdatamodeld;
			sourceTree = "<group>";
			versionGroupType = wrapper.xcdatamodel;
		};
/* End XCVersionGroup section */
	};
	rootObject = 9C53D8172913146F00C16CEC /* Project object */;
}
