// !$*UTF8*$!
{
	archiveVersion = 1;
	classes = {
	};
	objectVersion = 56;
	objects = {

/* Begin PBXBuildFile section */
		9C4A1AE629157D9A00A051FC /* Notes Watch App.app in Embed Watch Content */ = {isa = PBXBuildFile; fileRef = 9C4A1AE529157D9A00A051FC /* Notes Watch App.app */; settings = {ATTRIBUTES = (RemoveHeadersOnCopy, ); }; };
		9C4A1AEB29157D9A00A051FC /* NotesApp.swift in Sources */ = {isa = PBXBuildFile; fileRef = 9C4A1AEA29157D9A00A051FC /* NotesApp.swift */; };
		9C4A1AED29157D9A00A051FC /* ContentView.swift in Sources */ = {isa = PBXBuildFile; fileRef = 9C4A1AEC29157D9A00A051FC /* ContentView.swift */; };
		9C4A1AEF29157D9B00A051FC /* Assets.xcassets in Resources */ = {isa = PBXBuildFile; fileRef = 9C4A1AEE29157D9B00A051FC /* Assets.xcassets */; };
		9C4A1AF229157D9B00A051FC /* Preview Assets.xcassets in Resources */ = {isa = PBXBuildFile; fileRef = 9C4A1AF129157D9B00A051FC /* Preview Assets.xcassets */; };
		9C4A1AFF291585B000A051FC /* Note.swift in Sources */ = {isa = PBXBuildFile; fileRef = 9C4A1AFE291585B000A051FC /* Note.swift */; };
		9C4A1B012915975700A051FC /* DetailView.swift in Sources */ = {isa = PBXBuildFile; fileRef = 9C4A1B002915975700A051FC /* DetailView.swift */; };
		9C4A1B0329159E6E00A051FC /* CreditsView.swift in Sources */ = {isa = PBXBuildFile; fileRef = 9C4A1B0229159E6E00A051FC /* CreditsView.swift */; };
		9C4A1B0629159ECF00A051FC /* HeaderView.swift in Sources */ = {isa = PBXBuildFile; fileRef = 9C4A1B0529159ECF00A051FC /* HeaderView.swift */; };
		9C4A1B082915A18D00A051FC /* SettingsView.swift in Sources */ = {isa = PBXBuildFile; fileRef = 9C4A1B072915A18D00A051FC /* SettingsView.swift */; };
/* End PBXBuildFile section */

/* Begin PBXContainerItemProxy section */
		9C4A1AE729157D9A00A051FC /* PBXContainerItemProxy */ = {
			isa = PBXContainerItemProxy;
			containerPortal = 9C4A1AD929157D9A00A051FC /* Project object */;
			proxyType = 1;
			remoteGlobalIDString = 9C4A1AE429157D9A00A051FC;
			remoteInfo = "Notes Watch App";
		};
/* End PBXContainerItemProxy section */

/* Begin PBXCopyFilesBuildPhase section */
		9C4A1AF829157D9B00A051FC /* Embed Watch Content */ = {
			isa = PBXCopyFilesBuildPhase;
			buildActionMask = 2147483647;
			dstPath = "$(CONTENTS_FOLDER_PATH)/Watch";
			dstSubfolderSpec = 16;
			files = (
				9C4A1AE629157D9A00A051FC /* Notes Watch App.app in Embed Watch Content */,
			);
			name = "Embed Watch Content";
			runOnlyForDeploymentPostprocessing = 0;
		};
/* End PBXCopyFilesBuildPhase section */

/* Begin PBXFileReference section */
		9C4A1ADF29157D9A00A051FC /* Notes.app */ = {isa = PBXFileReference; explicitFileType = wrapper.application; includeInIndex = 0; path = Notes.app; sourceTree = BUILT_PRODUCTS_DIR; };
		9C4A1AE529157D9A00A051FC /* Notes Watch App.app */ = {isa = PBXFileReference; explicitFileType = wrapper.application; includeInIndex = 0; path = "Notes Watch App.app"; sourceTree = BUILT_PRODUCTS_DIR; };
		9C4A1AEA29157D9A00A051FC /* NotesApp.swift */ = {isa = PBXFileReference; lastKnownFileType = sourcecode.swift; path = NotesApp.swift; sourceTree = "<group>"; };
		9C4A1AEC29157D9A00A051FC /* ContentView.swift */ = {isa = PBXFileReference; lastKnownFileType = sourcecode.swift; path = ContentView.swift; sourceTree = "<group>"; };
		9C4A1AEE29157D9B00A051FC /* Assets.xcassets */ = {isa = PBXFileReference; lastKnownFileType = folder.assetcatalog; path = Assets.xcassets; sourceTree = "<group>"; };
		9C4A1AF129157D9B00A051FC /* Preview Assets.xcassets */ = {isa = PBXFileReference; lastKnownFileType = folder.assetcatalog; path = "Preview Assets.xcassets"; sourceTree = "<group>"; };
		9C4A1AFE291585B000A051FC /* Note.swift */ = {isa = PBXFileReference; lastKnownFileType = sourcecode.swift; path = Note.swift; sourceTree = "<group>"; };
		9C4A1B002915975700A051FC /* DetailView.swift */ = {isa = PBXFileReference; lastKnownFileType = sourcecode.swift; path = DetailView.swift; sourceTree = "<group>"; };
		9C4A1B0229159E6E00A051FC /* CreditsView.swift */ = {isa = PBXFileReference; lastKnownFileType = sourcecode.swift; path = CreditsView.swift; sourceTree = "<group>"; };
		9C4A1B0529159ECF00A051FC /* HeaderView.swift */ = {isa = PBXFileReference; lastKnownFileType = sourcecode.swift; path = HeaderView.swift; sourceTree = "<group>"; };
		9C4A1B072915A18D00A051FC /* SettingsView.swift */ = {isa = PBXFileReference; lastKnownFileType = sourcecode.swift; path = SettingsView.swift; sourceTree = "<group>"; };
/* End PBXFileReference section */

/* Begin PBXFrameworksBuildPhase section */
		9C4A1AE229157D9A00A051FC /* Frameworks */ = {
			isa = PBXFrameworksBuildPhase;
			buildActionMask = 2147483647;
			files = (
			);
			runOnlyForDeploymentPostprocessing = 0;
		};
/* End PBXFrameworksBuildPhase section */

/* Begin PBXGroup section */
		9C4A1AD829157D9A00A051FC = {
			isa = PBXGroup;
			children = (
				9C4A1AE929157D9A00A051FC /* Notes Watch App */,
				9C4A1AE029157D9A00A051FC /* Products */,
			);
			sourceTree = "<group>";
		};
		9C4A1AE029157D9A00A051FC /* Products */ = {
			isa = PBXGroup;
			children = (
				9C4A1ADF29157D9A00A051FC /* Notes.app */,
				9C4A1AE529157D9A00A051FC /* Notes Watch App.app */,
			);
			name = Products;
			sourceTree = "<group>";
		};
		9C4A1AE929157D9A00A051FC /* Notes Watch App */ = {
			isa = PBXGroup;
			children = (
				9C4A1AEA29157D9A00A051FC /* NotesApp.swift */,
				9C4A1AFC2915859800A051FC /* View */,
				9C4A1AFD291585A400A051FC /* Model */,
				9C4A1B0429159EBC00A051FC /* Component */,
				9C4A1AEE29157D9B00A051FC /* Assets.xcassets */,
				9C4A1AF029157D9B00A051FC /* Preview Content */,
			);
			path = "Notes Watch App";
			sourceTree = "<group>";
		};
		9C4A1AF029157D9B00A051FC /* Preview Content */ = {
			isa = PBXGroup;
			children = (
				9C4A1AF129157D9B00A051FC /* Preview Assets.xcassets */,
			);
			path = "Preview Content";
			sourceTree = "<group>";
		};
		9C4A1AFC2915859800A051FC /* View */ = {
			isa = PBXGroup;
			children = (
				9C4A1AEC29157D9A00A051FC /* ContentView.swift */,
				9C4A1B002915975700A051FC /* DetailView.swift */,
				9C4A1B0229159E6E00A051FC /* CreditsView.swift */,
				9C4A1B072915A18D00A051FC /* SettingsView.swift */,
			);
			path = View;
			sourceTree = "<group>";
		};
		9C4A1AFD291585A400A051FC /* Model */ = {
			isa = PBXGroup;
			children = (
				9C4A1AFE291585B000A051FC /* Note.swift */,
			);
			path = Model;
			sourceTree = "<group>";
		};
		9C4A1B0429159EBC00A051FC /* Component */ = {
			isa = PBXGroup;
			children = (
				9C4A1B0529159ECF00A051FC /* HeaderView.swift */,
			);
			path = Component;
			sourceTree = "<group>";
		};
/* End PBXGroup section */

/* Begin PBXNativeTarget section */
		9C4A1ADE29157D9A00A051FC /* Notes */ = {
			isa = PBXNativeTarget;
			buildConfigurationList = 9C4A1AF929157D9B00A051FC /* Build configuration list for PBXNativeTarget "Notes" */;
			buildPhases = (
				9C4A1ADD29157D9A00A051FC /* Resources */,
				9C4A1AF829157D9B00A051FC /* Embed Watch Content */,
			);
			buildRules = (
			);
			dependencies = (
				9C4A1AE829157D9A00A051FC /* PBXTargetDependency */,
			);
			name = Notes;
			productName = Notes;
			productReference = 9C4A1ADF29157D9A00A051FC /* Notes.app */;
			productType = "com.apple.product-type.application.watchapp2-container";
		};
		9C4A1AE429157D9A00A051FC /* Notes Watch App */ = {
			isa = PBXNativeTarget;
			buildConfigurationList = 9C4A1AF529157D9B00A051FC /* Build configuration list for PBXNativeTarget "Notes Watch App" */;
			buildPhases = (
				9C4A1AE129157D9A00A051FC /* Sources */,
				9C4A1AE229157D9A00A051FC /* Frameworks */,
				9C4A1AE329157D9A00A051FC /* Resources */,
			);
			buildRules = (
			);
			dependencies = (
			);
			name = "Notes Watch App";
			productName = "Notes Watch App";
			productReference = 9C4A1AE529157D9A00A051FC /* Notes Watch App.app */;
			productType = "com.apple.product-type.application";
		};
/* End PBXNativeTarget section */

/* Begin PBXProject section */
		9C4A1AD929157D9A00A051FC /* Project object */ = {
			isa = PBXProject;
			attributes = {
				BuildIndependentTargetsInParallel = 1;
				LastSwiftUpdateCheck = 1410;
				LastUpgradeCheck = 1410;
				TargetAttributes = {
					9C4A1ADE29157D9A00A051FC = {
						CreatedOnToolsVersion = 14.1;
					};
					9C4A1AE429157D9A00A051FC = {
						CreatedOnToolsVersion = 14.1;
					};
				};
			};
			buildConfigurationList = 9C4A1ADC29157D9A00A051FC /* Build configuration list for PBXProject "Notes" */;
			compatibilityVersion = "Xcode 14.0";
			developmentRegion = en;
			hasScannedForEncodings = 0;
			knownRegions = (
				en,
				Base,
			);
			mainGroup = 9C4A1AD829157D9A00A051FC;
			productRefGroup = 9C4A1AE029157D9A00A051FC /* Products */;
			projectDirPath = "";
			projectRoot = "";
			targets = (
				9C4A1ADE29157D9A00A051FC /* Notes */,
				9C4A1AE429157D9A00A051FC /* Notes Watch App */,
			);
		};
/* End PBXProject section */

/* Begin PBXResourcesBuildPhase section */
		9C4A1ADD29157D9A00A051FC /* Resources */ = {
			isa = PBXResourcesBuildPhase;
			buildActionMask = 2147483647;
			files = (
			);
			runOnlyForDeploymentPostprocessing = 0;
		};
		9C4A1AE329157D9A00A051FC /* Resources */ = {
			isa = PBXResourcesBuildPhase;
			buildActionMask = 2147483647;
			files = (
				9C4A1AF229157D9B00A051FC /* Preview Assets.xcassets in Resources */,
				9C4A1AEF29157D9B00A051FC /* Assets.xcassets in Resources */,
			);
			runOnlyForDeploymentPostprocessing = 0;
		};
/* End PBXResourcesBuildPhase section */

/* Begin PBXSourcesBuildPhase section */
		9C4A1AE129157D9A00A051FC /* Sources */ = {
			isa = PBXSourcesBuildPhase;
			buildActionMask = 2147483647;
			files = (
				9C4A1B082915A18D00A051FC /* SettingsView.swift in Sources */,
				9C4A1AED29157D9A00A051FC /* ContentView.swift in Sources */,
				9C4A1B0629159ECF00A051FC /* HeaderView.swift in Sources */,
				9C4A1B012915975700A051FC /* DetailView.swift in Sources */,
				9C4A1AEB29157D9A00A051FC /* NotesApp.swift in Sources */,
				9C4A1B0329159E6E00A051FC /* CreditsView.swift in Sources */,
				9C4A1AFF291585B000A051FC /* Note.swift in Sources */,
			);
			runOnlyForDeploymentPostprocessing = 0;
		};
/* End PBXSourcesBuildPhase section */

/* Begin PBXTargetDependency section */
		9C4A1AE829157D9A00A051FC /* PBXTargetDependency */ = {
			isa = PBXTargetDependency;
			target = 9C4A1AE429157D9A00A051FC /* Notes Watch App */;
			targetProxy = 9C4A1AE729157D9A00A051FC /* PBXContainerItemProxy */;
		};
/* End PBXTargetDependency section */

/* Begin XCBuildConfiguration section */
		9C4A1AF329157D9B00A051FC /* Debug */ = {
			isa = XCBuildConfiguration;
			buildSettings = {
				ALWAYS_SEARCH_USER_PATHS = NO;
				CLANG_ANALYZER_NONNULL = YES;
				CLANG_ANALYZER_NUMBER_OBJECT_CONVERSION = YES_AGGRESSIVE;
				CLANG_CXX_LANGUAGE_STANDARD = "gnu++20";
				CLANG_ENABLE_MODULES = YES;
				CLANG_ENABLE_OBJC_ARC = YES;
				CLANG_ENABLE_OBJC_WEAK = YES;
				CLANG_WARN_BLOCK_CAPTURE_AUTORELEASING = YES;
				CLANG_WARN_BOOL_CONVERSION = YES;
				CLANG_WARN_COMMA = YES;
				CLANG_WARN_CONSTANT_CONVERSION = YES;
				CLANG_WARN_DEPRECATED_OBJC_IMPLEMENTATIONS = YES;
				CLANG_WARN_DIRECT_OBJC_ISA_USAGE = YES_ERROR;
				CLANG_WARN_DOCUMENTATION_COMMENTS = YES;
				CLANG_WARN_EMPTY_BODY = YES;
				CLANG_WARN_ENUM_CONVERSION = YES;
				CLANG_WARN_INFINITE_RECURSION = YES;
				CLANG_WARN_INT_CONVERSION = YES;
				CLANG_WARN_NON_LITERAL_NULL_CONVERSION = YES;
				CLANG_WARN_OBJC_IMPLICIT_RETAIN_SELF = YES;
				CLANG_WARN_OBJC_LITERAL_CONVERSION = YES;
				CLANG_WARN_OBJC_ROOT_CLASS = YES_ERROR;
				CLANG_WARN_QUOTED_INCLUDE_IN_FRAMEWORK_HEADER = YES;
				CLANG_WARN_RANGE_LOOP_ANALYSIS = YES;
				CLANG_WARN_STRICT_PROTOTYPES = YES;
				CLANG_WARN_SUSPICIOUS_MOVE = YES;
				CLANG_WARN_UNGUARDED_AVAILABILITY = YES_AGGRESSIVE;
				CLANG_WARN_UNREACHABLE_CODE = YES;
				CLANG_WARN__DUPLICATE_METHOD_MATCH = YES;
				COPY_PHASE_STRIP = NO;
				DEBUG_INFORMATION_FORMAT = dwarf;
				ENABLE_STRICT_OBJC_MSGSEND = YES;
				ENABLE_TESTABILITY = YES;
				GCC_C_LANGUAGE_STANDARD = gnu11;
				GCC_DYNAMIC_NO_PIC = NO;
				GCC_NO_COMMON_BLOCKS = YES;
				GCC_OPTIMIZATION_LEVEL = 0;
				GCC_PREPROCESSOR_DEFINITIONS = (
					"DEBUG=1",
					"$(inherited)",
				);
				GCC_WARN_64_TO_32_BIT_CONVERSION = YES;
				GCC_WARN_ABOUT_RETURN_TYPE = YES_ERROR;
				GCC_WARN_UNDECLARED_SELECTOR = YES;
				GCC_WARN_UNINITIALIZED_AUTOS = YES_AGGRESSIVE;
				GCC_WARN_UNUSED_FUNCTION = YES;
				GCC_WARN_UNUSED_VARIABLE = YES;
				MTL_ENABLE_DEBUG_INFO = INCLUDE_SOURCE;
				MTL_FAST_MATH = YES;
				ONLY_ACTIVE_ARCH = YES;
				SWIFT_ACTIVE_COMPILATION_CONDITIONS = DEBUG;
				SWIFT_OPTIMIZATION_LEVEL = "-Onone";
			};
			name = Debug;
		};
		9C4A1AF429157D9B00A051FC /* Release */ = {
			isa = XCBuildConfiguration;
			buildSettings = {
				ALWAYS_SEARCH_USER_PATHS = NO;
				CLANG_ANALYZER_NONNULL = YES;
				CLANG_ANALYZER_NUMBER_OBJECT_CONVERSION = YES_AGGRESSIVE;
				CLANG_CXX_LANGUAGE_STANDARD = "gnu++20";
				CLANG_ENABLE_MODULES = YES;
				CLANG_ENABLE_OBJC_ARC = YES;
				CLANG_ENABLE_OBJC_WEAK = YES;
				CLANG_WARN_BLOCK_CAPTURE_AUTORELEASING = YES;
				CLANG_WARN_BOOL_CONVERSION = YES;
				CLANG_WARN_COMMA = YES;
				CLANG_WARN_CONSTANT_CONVERSION = YES;
				CLANG_WARN_DEPRECATED_OBJC_IMPLEMENTATIONS = YES;
				CLANG_WARN_DIRECT_OBJC_ISA_USAGE = YES_ERROR;
				CLANG_WARN_DOCUMENTATION_COMMENTS = YES;
				CLANG_WARN_EMPTY_BODY = YES;
				CLANG_WARN_ENUM_CONVERSION = YES;
				CLANG_WARN_INFINITE_RECURSION = YES;
				CLANG_WARN_INT_CONVERSION = YES;
				CLANG_WARN_NON_LITERAL_NULL_CONVERSION = YES;
				CLANG_WARN_OBJC_IMPLICIT_RETAIN_SELF = YES;
				CLANG_WARN_OBJC_LITERAL_CONVERSION = YES;
				CLANG_WARN_OBJC_ROOT_CLASS = YES_ERROR;
				CLANG_WARN_QUOTED_INCLUDE_IN_FRAMEWORK_HEADER = YES;
				CLANG_WARN_RANGE_LOOP_ANALYSIS = YES;
				CLANG_WARN_STRICT_PROTOTYPES = YES;
				CLANG_WARN_SUSPICIOUS_MOVE = YES;
				CLANG_WARN_UNGUARDED_AVAILABILITY = YES_AGGRESSIVE;
				CLANG_WARN_UNREACHABLE_CODE = YES;
				CLANG_WARN__DUPLICATE_METHOD_MATCH = YES;
				COPY_PHASE_STRIP = NO;
				DEBUG_INFORMATION_FORMAT = "dwarf-with-dsym";
				ENABLE_NS_ASSERTIONS = NO;
				ENABLE_STRICT_OBJC_MSGSEND = YES;
				GCC_C_LANGUAGE_STANDARD = gnu11;
				GCC_NO_COMMON_BLOCKS = YES;
				GCC_WARN_64_TO_32_BIT_CONVERSION = YES;
				GCC_WARN_ABOUT_RETURN_TYPE = YES_ERROR;
				GCC_WARN_UNDECLARED_SELECTOR = YES;
				GCC_WARN_UNINITIALIZED_AUTOS = YES_AGGRESSIVE;
				GCC_WARN_UNUSED_FUNCTION = YES;
				GCC_WARN_UNUSED_VARIABLE = YES;
				MTL_ENABLE_DEBUG_INFO = NO;
				MTL_FAST_MATH = YES;
				SWIFT_COMPILATION_MODE = wholemodule;
				SWIFT_OPTIMIZATION_LEVEL = "-O";
			};
			name = Release;
		};
		9C4A1AF629157D9B00A051FC /* Debug */ = {
			isa = XCBuildConfiguration;
			buildSettings = {
				ASSETCATALOG_COMPILER_APPICON_NAME = AppIcon;
				ASSETCATALOG_COMPILER_GLOBAL_ACCENT_COLOR_NAME = AccentColor;
				CODE_SIGN_STYLE = Automatic;
				CURRENT_PROJECT_VERSION = 1;
				DEVELOPMENT_ASSET_PATHS = "\"Notes Watch App/Preview Content\"";
				DEVELOPMENT_TEAM = TJ8R5XP7FZ;
				ENABLE_PREVIEWS = YES;
				GENERATE_INFOPLIST_FILE = YES;
				INFOPLIST_KEY_CFBundleDisplayName = Notes;
				INFOPLIST_KEY_UISupportedInterfaceOrientations = "UIInterfaceOrientationPortrait UIInterfaceOrientationPortraitUpsideDown";
				INFOPLIST_KEY_WKWatchOnly = YES;
				LD_RUNPATH_SEARCH_PATHS = (
					"$(inherited)",
					"@executable_path/Frameworks",
				);
				MARKETING_VERSION = 1.0;
				PRODUCT_BUNDLE_IDENTIFIER = dev.ferrigan.Notes.watchkitapp;
				PRODUCT_NAME = "$(TARGET_NAME)";
				SDKROOT = watchos;
				SKIP_INSTALL = YES;
				SWIFT_EMIT_LOC_STRINGS = YES;
				SWIFT_VERSION = 5.0;
				TARGETED_DEVICE_FAMILY = 4;
				WATCHOS_DEPLOYMENT_TARGET = 9.1;
			};
			name = Debug;
		};
		9C4A1AF729157D9B00A051FC /* Release */ = {
			isa = XCBuildConfiguration;
			buildSettings = {
				ASSETCATALOG_COMPILER_APPICON_NAME = AppIcon;
				ASSETCATALOG_COMPILER_GLOBAL_ACCENT_COLOR_NAME = AccentColor;
				CODE_SIGN_STYLE = Automatic;
				CURRENT_PROJECT_VERSION = 1;
				DEVELOPMENT_ASSET_PATHS = "\"Notes Watch App/Preview Content\"";
				DEVELOPMENT_TEAM = TJ8R5XP7FZ;
				ENABLE_PREVIEWS = YES;
				GENERATE_INFOPLIST_FILE = YES;
				INFOPLIST_KEY_CFBundleDisplayName = Notes;
				INFOPLIST_KEY_UISupportedInterfaceOrientations = "UIInterfaceOrientationPortrait UIInterfaceOrientationPortraitUpsideDown";
				INFOPLIST_KEY_WKWatchOnly = YES;
				LD_RUNPATH_SEARCH_PATHS = (
					"$(inherited)",
					"@executable_path/Frameworks",
				);
				MARKETING_VERSION = 1.0;
				PRODUCT_BUNDLE_IDENTIFIER = dev.ferrigan.Notes.watchkitapp;
				PRODUCT_NAME = "$(TARGET_NAME)";
				SDKROOT = watchos;
				SKIP_INSTALL = YES;
				SWIFT_EMIT_LOC_STRINGS = YES;
				SWIFT_VERSION = 5.0;
				TARGETED_DEVICE_FAMILY = 4;
				VALIDATE_PRODUCT = YES;
				WATCHOS_DEPLOYMENT_TARGET = 9.1;
			};
			name = Release;
		};
		9C4A1AFA29157D9B00A051FC /* Debug */ = {
			isa = XCBuildConfiguration;
			buildSettings = {
				ALWAYS_EMBED_SWIFT_STANDARD_LIBRARIES = YES;
				CODE_SIGN_STYLE = Automatic;
				CURRENT_PROJECT_VERSION = 1;
				DEVELOPMENT_TEAM = TJ8R5XP7FZ;
				INFOPLIST_KEY_CFBundleDisplayName = Notes;
				MARKETING_VERSION = 1.0;
				PRODUCT_BUNDLE_IDENTIFIER = dev.ferrigan.Notes;
				PRODUCT_NAME = "$(TARGET_NAME)";
				SDKROOT = iphoneos;
				SWIFT_VERSION = 5.0;
			};
			name = Debug;
		};
		9C4A1AFB29157D9B00A051FC /* Release */ = {
			isa = XCBuildConfiguration;
			buildSettings = {
				ALWAYS_EMBED_SWIFT_STANDARD_LIBRARIES = YES;
				CODE_SIGN_STYLE = Automatic;
				CURRENT_PROJECT_VERSION = 1;
				DEVELOPMENT_TEAM = TJ8R5XP7FZ;
				INFOPLIST_KEY_CFBundleDisplayName = Notes;
				MARKETING_VERSION = 1.0;
				PRODUCT_BUNDLE_IDENTIFIER = dev.ferrigan.Notes;
				PRODUCT_NAME = "$(TARGET_NAME)";
				SDKROOT = iphoneos;
				SWIFT_VERSION = 5.0;
				VALIDATE_PRODUCT = YES;
			};
			name = Release;
		};
/* End XCBuildConfiguration section */

/* Begin XCConfigurationList section */
		9C4A1ADC29157D9A00A051FC /* Build configuration list for PBXProject "Notes" */ = {
			isa = XCConfigurationList;
			buildConfigurations = (
				9C4A1AF329157D9B00A051FC /* Debug */,
				9C4A1AF429157D9B00A051FC /* Release */,
			);
			defaultConfigurationIsVisible = 0;
			defaultConfigurationName = Release;
		};
		9C4A1AF529157D9B00A051FC /* Build configuration list for PBXNativeTarget "Notes Watch App" */ = {
			isa = XCConfigurationList;
			buildConfigurations = (
				9C4A1AF629157D9B00A051FC /* Debug */,
				9C4A1AF729157D9B00A051FC /* Release */,
			);
			defaultConfigurationIsVisible = 0;
			defaultConfigurationName = Release;
		};
		9C4A1AF929157D9B00A051FC /* Build configuration list for PBXNativeTarget "Notes" */ = {
			isa = XCConfigurationList;
			buildConfigurations = (
				9C4A1AFA29157D9B00A051FC /* Debug */,
				9C4A1AFB29157D9B00A051FC /* Release */,
			);
			defaultConfigurationIsVisible = 0;
			defaultConfigurationName = Release;
		};
/* End XCConfigurationList section */
	};
	rootObject = 9C4A1AD929157D9A00A051FC /* Project object */;
}
